
Microsoft Visual Studio Solution File, Format Version 12.00
# Visual Studio Version 17
VisualStudioVersion = 17.7.34024.191
MinimumVisualStudioVersion = 10.0.40219.1
Project("{FAE04EC0-301F-11D3-BF4B-00C04F79EFBC}") = "3.Variables", "3.Variables\3.Variables.csproj", "{402A8462-D65F-42D6-8B3F-4DBCE291A18E}"
EndProject
Global
	GlobalSection(SolutionConfigurationPlatforms) = preSolution
		Debug|Any CPU = Debug|Any CPU
		Release|Any CPU = Release|Any CPU
	EndGlobalSection
	GlobalSection(ProjectConfigurationPlatforms) = postSolution
		{402A8462-D65F-42D6-8B3F-4DBCE291A18E}.Debug|Any CPU.ActiveCfg = Debug|Any CPU
		{402A8462-D65F-42D6-8B3F-4DBCE291A18E}.Debug|Any CPU.Build.0 = Debug|Any CPU
		{402A8462-D65F-42D6-8B3F-4DBCE291A18E}.Release|Any CPU.ActiveCfg = Release|Any CPU
		{402A8462-D65F-42D6-8B3F-4DBCE291A18E}.Release|Any CPU.Build.0 = Release|Any CPU
	EndGlobalSection
	GlobalSection(SolutionProperties) = preSolution
		HideSolutionNode = FALSE
	EndGlobalSection
	GlobalSection(ExtensibilityGlobals) = postSolution
		SolutionGuid = {2DFFC6C2-27FD-4C66-AE11-DE4C73B9AD4E}
	EndGlobalSection
EndGlobal
